// !$*UTF8*$!
{
	archiveVersion = 1;
	classes = {
	};
	objectVersion = 50;
	objects = {

/* Begin PBXBuildFile section */
		8E12BC76249B741A00E968C5 /* AppDelegate.swift in Sources */ = {isa = PBXBuildFile; fileRef = 8E12BC75249B741A00E968C5 /* AppDelegate.swift */; };
		8E12BC78249B741A00E968C5 /* SceneDelegate.swift in Sources */ = {isa = PBXBuildFile; fileRef = 8E12BC77249B741A00E968C5 /* SceneDelegate.swift */; };
		8E12BC7D249B741A00E968C5 /* Main.storyboard in Resources */ = {isa = PBXBuildFile; fileRef = 8E12BC7B249B741A00E968C5 /* Main.storyboard */; };
		8E12BC7F249B741A00E968C5 /* Assets.xcassets in Resources */ = {isa = PBXBuildFile; fileRef = 8E12BC7E249B741A00E968C5 /* Assets.xcassets */; };
		8E12BC82249B741A00E968C5 /* LaunchScreen.storyboard in Resources */ = {isa = PBXBuildFile; fileRef = 8E12BC80249B741A00E968C5 /* LaunchScreen.storyboard */; };
		8E2627AB24A2035D0080CD71 /* AuthService.swift in Sources */ = {isa = PBXBuildFile; fileRef = 8E2627AA24A2035D0080CD71 /* AuthService.swift */; };
		8E2627AD24A22F650080CD71 /* RoundedButton.swift in Sources */ = {isa = PBXBuildFile; fileRef = 8E2627AC24A22F650080CD71 /* RoundedButton.swift */; };
		8E8785E0249B897B00B4BB46 /* SWRevealViewController.m in Sources */ = {isa = PBXBuildFile; fileRef = 8E8785DE249B897B00B4BB46 /* SWRevealViewController.m */; };
		8E8785E5249B8DE000B4BB46 /* ChatVC.swift in Sources */ = {isa = PBXBuildFile; fileRef = 8E8785E4249B8DE000B4BB46 /* ChatVC.swift */; };
		8E8785E7249B8DEE00B4BB46 /* ChannelVC.swift in Sources */ = {isa = PBXBuildFile; fileRef = 8E8785E6249B8DEE00B4BB46 /* ChannelVC.swift */; };
		8EAF32BF249CBB2B001BD19C /* GradientView.swift in Sources */ = {isa = PBXBuildFile; fileRef = 8EAF32BE249CBB2B001BD19C /* GradientView.swift */; };
		8EAF32C2249CCF15001BD19C /* Constants.swift in Sources */ = {isa = PBXBuildFile; fileRef = 8EAF32C1249CCF15001BD19C /* Constants.swift */; };
		8EAF32C4249CD3CA001BD19C /* LoginVC.swift in Sources */ = {isa = PBXBuildFile; fileRef = 8EAF32C3249CD3CA001BD19C /* LoginVC.swift */; };
		8EAF32C6249CD76B001BD19C /* CreateAccountVC.swift in Sources */ = {isa = PBXBuildFile; fileRef = 8EAF32C5249CD76B001BD19C /* CreateAccountVC.swift */; };
		F17203D3C8FA91252F335C19 /* Pods_SmackChat.framework in Frameworks */ = {isa = PBXBuildFile; fileRef = 1C888600497FABFD83390306 /* Pods_SmackChat.framework */; };
/* End PBXBuildFile section */

/* Begin PBXFileReference section */
		1C888600497FABFD83390306 /* Pods_SmackChat.framework */ = {isa = PBXFileReference; explicitFileType = wrapper.framework; includeInIndex = 0; path = Pods_SmackChat.framework; sourceTree = BUILT_PRODUCTS_DIR; };
		2D92EA859C4227F257616E2F /* Pods-SmackChat.debug.xcconfig */ = {isa = PBXFileReference; includeInIndex = 1; lastKnownFileType = text.xcconfig; name = "Pods-SmackChat.debug.xcconfig"; path = "Pods/Target Support Files/Pods-SmackChat/Pods-SmackChat.debug.xcconfig"; sourceTree = "<group>"; };
		8820EE9402F83F0ADAFB840A /* Pods-SmackChat.release.xcconfig */ = {isa = PBXFileReference; includeInIndex = 1; lastKnownFileType = text.xcconfig; name = "Pods-SmackChat.release.xcconfig"; path = "Pods/Target Support Files/Pods-SmackChat/Pods-SmackChat.release.xcconfig"; sourceTree = "<group>"; };
		8E12BC72249B741A00E968C5 /* SmackChat.app */ = {isa = PBXFileReference; explicitFileType = wrapper.application; includeInIndex = 0; path = SmackChat.app; sourceTree = BUILT_PRODUCTS_DIR; };
		8E12BC75249B741A00E968C5 /* AppDelegate.swift */ = {isa = PBXFileReference; lastKnownFileType = sourcecode.swift; path = AppDelegate.swift; sourceTree = "<group>"; };
		8E12BC77249B741A00E968C5 /* SceneDelegate.swift */ = {isa = PBXFileReference; lastKnownFileType = sourcecode.swift; path = SceneDelegate.swift; sourceTree = "<group>"; };
		8E12BC7C249B741A00E968C5 /* Base */ = {isa = PBXFileReference; lastKnownFileType = file.storyboard; name = Base; path = Base.lproj/Main.storyboard; sourceTree = "<group>"; };
		8E12BC7E249B741A00E968C5 /* Assets.xcassets */ = {isa = PBXFileReference; lastKnownFileType = folder.assetcatalog; path = Assets.xcassets; sourceTree = "<group>"; };
		8E12BC81249B741A00E968C5 /* Base */ = {isa = PBXFileReference; lastKnownFileType = file.storyboard; name = Base; path = Base.lproj/LaunchScreen.storyboard; sourceTree = "<group>"; };
		8E12BC83249B741A00E968C5 /* Info.plist */ = {isa = PBXFileReference; lastKnownFileType = text.plist.xml; path = Info.plist; sourceTree = "<group>"; };
		8E2627AA24A2035D0080CD71 /* AuthService.swift */ = {isa = PBXFileReference; lastKnownFileType = sourcecode.swift; path = AuthService.swift; sourceTree = "<group>"; };
		8E2627AC24A22F650080CD71 /* RoundedButton.swift */ = {isa = PBXFileReference; lastKnownFileType = sourcecode.swift; path = RoundedButton.swift; sourceTree = "<group>"; };
		8E8785DD249B897A00B4BB46 /* SmackChat-Bridging-Header.h */ = {isa = PBXFileReference; lastKnownFileType = sourcecode.c.h; path = "SmackChat-Bridging-Header.h"; sourceTree = "<group>"; };
		8E8785DE249B897B00B4BB46 /* SWRevealViewController.m */ = {isa = PBXFileReference; fileEncoding = 4; lastKnownFileType = sourcecode.c.objc; path = SWRevealViewController.m; sourceTree = "<group>"; };
		8E8785DF249B897B00B4BB46 /* SWRevealViewController.h */ = {isa = PBXFileReference; fileEncoding = 4; lastKnownFileType = sourcecode.c.h; path = SWRevealViewController.h; sourceTree = "<group>"; };
		8E8785E4249B8DE000B4BB46 /* ChatVC.swift */ = {isa = PBXFileReference; lastKnownFileType = sourcecode.swift; path = ChatVC.swift; sourceTree = "<group>"; };
		8E8785E6249B8DEE00B4BB46 /* ChannelVC.swift */ = {isa = PBXFileReference; lastKnownFileType = sourcecode.swift; path = ChannelVC.swift; sourceTree = "<group>"; };
		8EAF32BE249CBB2B001BD19C /* GradientView.swift */ = {isa = PBXFileReference; lastKnownFileType = sourcecode.swift; path = GradientView.swift; sourceTree = "<group>"; };
		8EAF32C1249CCF15001BD19C /* Constants.swift */ = {isa = PBXFileReference; lastKnownFileType = sourcecode.swift; path = Constants.swift; sourceTree = "<group>"; };
		8EAF32C3249CD3CA001BD19C /* LoginVC.swift */ = {isa = PBXFileReference; lastKnownFileType = sourcecode.swift; path = LoginVC.swift; sourceTree = "<group>"; };
		8EAF32C5249CD76B001BD19C /* CreateAccountVC.swift */ = {isa = PBXFileReference; lastKnownFileType = sourcecode.swift; path = CreateAccountVC.swift; sourceTree = "<group>"; };
/* End PBXFileReference section */

/* Begin PBXFrameworksBuildPhase section */
		8E12BC6F249B741A00E968C5 /* Frameworks */ = {
			isa = PBXFrameworksBuildPhase;
			buildActionMask = 2147483647;
			files = (
				F17203D3C8FA91252F335C19 /* Pods_SmackChat.framework in Frameworks */,
			);
			runOnlyForDeploymentPostprocessing = 0;
		};
/* End PBXFrameworksBuildPhase section */

/* Begin PBXGroup section */
		7A3D0A289E2B936364DA589D /* Frameworks */ = {
			isa = PBXGroup;
			children = (
				1C888600497FABFD83390306 /* Pods_SmackChat.framework */,
			);
			name = Frameworks;
			sourceTree = "<group>";
		};
		8E12BC69249B741A00E968C5 = {
			isa = PBXGroup;
			children = (
				8E12BC74249B741A00E968C5 /* SmackChat */,
				8E12BC73249B741A00E968C5 /* Products */,
				D987E0BE9C224C22DC570AEC /* Pods */,
				7A3D0A289E2B936364DA589D /* Frameworks */,
			);
			sourceTree = "<group>";
		};
		8E12BC73249B741A00E968C5 /* Products */ = {
			isa = PBXGroup;
			children = (
				8E12BC72249B741A00E968C5 /* SmackChat.app */,
			);
			name = Products;
			sourceTree = "<group>";
		};
		8E12BC74249B741A00E968C5 /* SmackChat */ = {
			isa = PBXGroup;
			children = (
				8E2627A924A203450080CD71 /* Services */,
				8EAF32C0249CCEFB001BD19C /* Utilities */,
				8E8785E3249B8DBF00B4BB46 /* Model */,
				8E8785E2249B8DB900B4BB46 /* View */,
				8E8785E1249B8DAD00B4BB46 /* Controller */,
				8E8785DC249B895700B4BB46 /* Supporting Files */,
				8E12BC75249B741A00E968C5 /* AppDelegate.swift */,
				8E12BC77249B741A00E968C5 /* SceneDelegate.swift */,
				8E12BC7B249B741A00E968C5 /* Main.storyboard */,
				8E12BC7E249B741A00E968C5 /* Assets.xcassets */,
				8E12BC80249B741A00E968C5 /* LaunchScreen.storyboard */,
				8E12BC83249B741A00E968C5 /* Info.plist */,
			);
			path = SmackChat;
			sourceTree = "<group>";
		};
		8E2627A924A203450080CD71 /* Services */ = {
			isa = PBXGroup;
			children = (
				8E2627AA24A2035D0080CD71 /* AuthService.swift */,
			);
			path = Services;
			sourceTree = "<group>";
		};
		8E8785DC249B895700B4BB46 /* Supporting Files */ = {
			isa = PBXGroup;
			children = (
				8E8785DF249B897B00B4BB46 /* SWRevealViewController.h */,
				8E8785DE249B897B00B4BB46 /* SWRevealViewController.m */,
				8E8785DD249B897A00B4BB46 /* SmackChat-Bridging-Header.h */,
			);
			path = "Supporting Files";
			sourceTree = "<group>";
		};
		8E8785E1249B8DAD00B4BB46 /* Controller */ = {
			isa = PBXGroup;
			children = (
				8E8785E4249B8DE000B4BB46 /* ChatVC.swift */,
				8E8785E6249B8DEE00B4BB46 /* ChannelVC.swift */,
				8EAF32C3249CD3CA001BD19C /* LoginVC.swift */,
				8EAF32C5249CD76B001BD19C /* CreateAccountVC.swift */,
			);
			path = Controller;
			sourceTree = "<group>";
		};
		8E8785E2249B8DB900B4BB46 /* View */ = {
			isa = PBXGroup;
			children = (
				8EAF32BE249CBB2B001BD19C /* GradientView.swift */,
				8E2627AC24A22F650080CD71 /* RoundedButton.swift */,
			);
			path = View;
			sourceTree = "<group>";
		};
		8E8785E3249B8DBF00B4BB46 /* Model */ = {
			isa = PBXGroup;
			children = (
			);
			path = Model;
			sourceTree = "<group>";
		};
		8EAF32C0249CCEFB001BD19C /* Utilities */ = {
			isa = PBXGroup;
			children = (
				8EAF32C1249CCF15001BD19C /* Constants.swift */,
			);
			path = Utilities;
			sourceTree = "<group>";
		};
		D987E0BE9C224C22DC570AEC /* Pods */ = {
			isa = PBXGroup;
			children = (
				2D92EA859C4227F257616E2F /* Pods-SmackChat.debug.xcconfig */,
				8820EE9402F83F0ADAFB840A /* Pods-SmackChat.release.xcconfig */,
			);
			name = Pods;
			sourceTree = "<group>";
		};
/* End PBXGroup section */

/* Begin PBXNativeTarget section */
		8E12BC71249B741A00E968C5 /* SmackChat */ = {
			isa = PBXNativeTarget;
			buildConfigurationList = 8E12BC86249B741A00E968C5 /* Build configuration list for PBXNativeTarget "SmackChat" */;
			buildPhases = (
				1B41B1FF7AAF15F7D577DF2D /* [CP] Check Pods Manifest.lock */,
				8E12BC6E249B741A00E968C5 /* Sources */,
				8E12BC6F249B741A00E968C5 /* Frameworks */,
				8E12BC70249B741A00E968C5 /* Resources */,
				7C668ABBD0014FADC4ED808B /* [CP] Embed Pods Frameworks */,
			);
			buildRules = (
			);
			dependencies = (
			);
			name = SmackChat;
			productName = SmackChat;
			productReference = 8E12BC72249B741A00E968C5 /* SmackChat.app */;
			productType = "com.apple.product-type.application";
		};
/* End PBXNativeTarget section */

/* Begin PBXProject section */
		8E12BC6A249B741A00E968C5 /* Project object */ = {
			isa = PBXProject;
			attributes = {
				LastSwiftUpdateCheck = 1150;
				LastUpgradeCheck = 1150;
				ORGANIZATIONNAME = "Mert Köksal";
				TargetAttributes = {
					8E12BC71249B741A00E968C5 = {
						CreatedOnToolsVersion = 11.5;
						LastSwiftMigration = 1150;
					};
				};
			};
			buildConfigurationList = 8E12BC6D249B741A00E968C5 /* Build configuration list for PBXProject "SmackChat" */;
			compatibilityVersion = "Xcode 9.3";
			developmentRegion = en;
			hasScannedForEncodings = 0;
			knownRegions = (
				en,
				Base,
			);
			mainGroup = 8E12BC69249B741A00E968C5;
			productRefGroup = 8E12BC73249B741A00E968C5 /* Products */;
			projectDirPath = "";
			projectRoot = "";
			targets = (
				8E12BC71249B741A00E968C5 /* SmackChat */,
			);
		};
/* End PBXProject section */

/* Begin PBXResourcesBuildPhase section */
		8E12BC70249B741A00E968C5 /* Resources */ = {
			isa = PBXResourcesBuildPhase;
			buildActionMask = 2147483647;
			files = (
				8E12BC82249B741A00E968C5 /* LaunchScreen.storyboard in Resources */,
				8E12BC7F249B741A00E968C5 /* Assets.xcassets in Resources */,
				8E12BC7D249B741A00E968C5 /* Main.storyboard in Resources */,
			);
			runOnlyForDeploymentPostprocessing = 0;
		};
/* End PBXResourcesBuildPhase section */

/* Begin PBXShellScriptBuildPhase section */
		1B41B1FF7AAF15F7D577DF2D /* [CP] Check Pods Manifest.lock */ = {
			isa = PBXShellScriptBuildPhase;
			buildActionMask = 2147483647;
			files = (
			);
			inputPaths = (
				"${PODS_PODFILE_DIR_PATH}/Podfile.lock",
				"${PODS_ROOT}/Manifest.lock",
			);
			name = "[CP] Check Pods Manifest.lock";
			outputPaths = (
				"$(DERIVED_FILE_DIR)/Pods-SmackChat-checkManifestLockResult.txt",
			);
			runOnlyForDeploymentPostprocessing = 0;
			shellPath = /bin/sh;
			shellScript = "diff \"${PODS_PODFILE_DIR_PATH}/Podfile.lock\" \"${PODS_ROOT}/Manifest.lock\" > /dev/null\nif [ $? != 0 ] ; then\n    # print error to STDERR\n    echo \"error: The sandbox is not in sync with the Podfile.lock. Run 'pod install' or update your CocoaPods installation.\" >&2\n    exit 1\nfi\n# This output is used by Xcode 'outputs' to avoid re-running this script phase.\necho \"SUCCESS\" > \"${SCRIPT_OUTPUT_FILE_0}\"\n";
			showEnvVarsInLog = 0;
		};
		7C668ABBD0014FADC4ED808B /* [CP] Embed Pods Frameworks */ = {
			isa = PBXShellScriptBuildPhase;
			buildActionMask = 2147483647;
			files = (
			);
			inputPaths = (
				"${SRCROOT}/Pods/Target Support Files/Pods-SmackChat/Pods-SmackChat-frameworks.sh",
				"${BUILT_PRODUCTS_DIR}/Alamofire/Alamofire.framework",
				"${BUILT_PRODUCTS_DIR}/Socket.IO-Client-Swift/SocketIO.framework",
				"${BUILT_PRODUCTS_DIR}/Starscream/Starscream.framework",
				"${BUILT_PRODUCTS_DIR}/SwiftyJSON/SwiftyJSON.framework",
			);
			name = "[CP] Embed Pods Frameworks";
			outputPaths = (
				"${TARGET_BUILD_DIR}/${FRAMEWORKS_FOLDER_PATH}/Alamofire.framework",
				"${TARGET_BUILD_DIR}/${FRAMEWORKS_FOLDER_PATH}/SocketIO.framework",
				"${TARGET_BUILD_DIR}/${FRAMEWORKS_FOLDER_PATH}/Starscream.framework",
				"${TARGET_BUILD_DIR}/${FRAMEWORKS_FOLDER_PATH}/SwiftyJSON.framework",
			);
			runOnlyForDeploymentPostprocessing = 0;
			shellPath = /bin/sh;
			shellScript = "\"${SRCROOT}/Pods/Target Support Files/Pods-SmackChat/Pods-SmackChat-frameworks.sh\"\n";
			showEnvVarsInLog = 0;
		};
/* End PBXShellScriptBuildPhase section */

/* Begin PBXSourcesBuildPhase section */
		8E12BC6E249B741A00E968C5 /* Sources */ = {
			isa = PBXSourcesBuildPhase;
			buildActionMask = 2147483647;
			files = (
				8E12BC76249B741A00E968C5 /* AppDelegate.swift in Sources */,
				8E12BC78249B741A00E968C5 /* SceneDelegate.swift in Sources */,
				8EAF32C4249CD3CA001BD19C /* LoginVC.swift in Sources */,
				8EAF32BF249CBB2B001BD19C /* GradientView.swift in Sources */,
				8E8785E0249B897B00B4BB46 /* SWRevealViewController.m in Sources */,
				8EAF32C6249CD76B001BD19C /* CreateAccountVC.swift in Sources */,
				8E2627AD24A22F650080CD71 /* RoundedButton.swift in Sources */,
				8EAF32C2249CCF15001BD19C /* Constants.swift in Sources */,
				8E2627AB24A2035D0080CD71 /* AuthService.swift in Sources */,
				8E8785E7249B8DEE00B4BB46 /* ChannelVC.swift in Sources */,
				8E8785E5249B8DE000B4BB46 /* ChatVC.swift in Sources */,
			);
			runOnlyForDeploymentPostprocessing = 0;
		};
/* End PBXSourcesBuildPhase section */

/* Begin PBXVariantGroup section */
		8E12BC7B249B741A00E968C5 /* Main.storyboard */ = {
			isa = PBXVariantGroup;
			children = (
				8E12BC7C249B741A00E968C5 /* Base */,
			);
			name = Main.storyboard;
			sourceTree = "<group>";
		};
		8E12BC80249B741A00E968C5 /* LaunchScreen.storyboard */ = {
			isa = PBXVariantGroup;
			children = (
				8E12BC81249B741A00E968C5 /* Base */,
			);
			name = LaunchScreen.storyboard;
			sourceTree = "<group>";
		};
/* End PBXVariantGroup section */

/* Begin XCBuildConfiguration section */
		8E12BC84249B741A00E968C5 /* Debug */ = {
			isa = XCBuildConfiguration;
			buildSettings = {
				ALWAYS_SEARCH_USER_PATHS = NO;
				CLANG_ANALYZER_NONNULL = YES;
				CLANG_ANALYZER_NUMBER_OBJECT_CONVERSION = YES_AGGRESSIVE;
				CLANG_CXX_LANGUAGE_STANDARD = "gnu++14";
				CLANG_CXX_LIBRARY = "libc++";
				CLANG_ENABLE_MODULES = YES;
				CLANG_ENABLE_OBJC_ARC = YES;
				CLANG_ENABLE_OBJC_WEAK = YES;
				CLANG_WARN_BLOCK_CAPTURE_AUTORELEASING = YES;
				CLANG_WARN_BOOL_CONVERSION = YES;
				CLANG_WARN_COMMA = YES;
				CLANG_WARN_CONSTANT_CONVERSION = YES;
				CLANG_WARN_DEPRECATED_OBJC_IMPLEMENTATIONS = YES;
				CLANG_WARN_DIRECT_OBJC_ISA_USAGE = YES_ERROR;
				CLANG_WARN_DOCUMENTATION_COMMENTS = YES;
				CLANG_WARN_EMPTY_BODY = YES;
				CLANG_WARN_ENUM_CONVERSION = YES;
				CLANG_WARN_INFINITE_RECURSION = YES;
				CLANG_WARN_INT_CONVERSION = YES;
				CLANG_WARN_NON_LITERAL_NULL_CONVERSION = YES;
				CLANG_WARN_OBJC_IMPLICIT_RETAIN_SELF = YES;
				CLANG_WARN_OBJC_LITERAL_CONVERSION = YES;
				CLANG_WARN_OBJC_ROOT_CLASS = YES_ERROR;
				CLANG_WARN_RANGE_LOOP_ANALYSIS = YES;
				CLANG_WARN_STRICT_PROTOTYPES = YES;
				CLANG_WARN_SUSPICIOUS_MOVE = YES;
				CLANG_WARN_UNGUARDED_AVAILABILITY = YES_AGGRESSIVE;
				CLANG_WARN_UNREACHABLE_CODE = YES;
				CLANG_WARN__DUPLICATE_METHOD_MATCH = YES;
				COPY_PHASE_STRIP = NO;
				DEBUG_INFORMATION_FORMAT = dwarf;
				ENABLE_STRICT_OBJC_MSGSEND = YES;
				ENABLE_TESTABILITY = YES;
				GCC_C_LANGUAGE_STANDARD = gnu11;
				GCC_DYNAMIC_NO_PIC = NO;
				GCC_NO_COMMON_BLOCKS = YES;
				GCC_OPTIMIZATION_LEVEL = 0;
				GCC_PREPROCESSOR_DEFINITIONS = (
					"DEBUG=1",
					"$(inherited)",
				);
				GCC_WARN_64_TO_32_BIT_CONVERSION = YES;
				GCC_WARN_ABOUT_RETURN_TYPE = YES_ERROR;
				GCC_WARN_UNDECLARED_SELECTOR = YES;
				GCC_WARN_UNINITIALIZED_AUTOS = YES_AGGRESSIVE;
				GCC_WARN_UNUSED_FUNCTION = YES;
				GCC_WARN_UNUSED_VARIABLE = YES;
				IPHONEOS_DEPLOYMENT_TARGET = 13.5;
				MTL_ENABLE_DEBUG_INFO = INCLUDE_SOURCE;
				MTL_FAST_MATH = YES;
				ONLY_ACTIVE_ARCH = YES;
				SDKROOT = iphoneos;
				SWIFT_ACTIVE_COMPILATION_CONDITIONS = DEBUG;
				SWIFT_OPTIMIZATION_LEVEL = "-Onone";
			};
			name = Debug;
		};
		8E12BC85249B741A00E968C5 /* Release */ = {
			isa = XCBuildConfiguration;
			buildSettings = {
				ALWAYS_SEARCH_USER_PATHS = NO;
				CLANG_ANALYZER_NONNULL = YES;
				CLANG_ANALYZER_NUMBER_OBJECT_CONVERSION = YES_AGGRESSIVE;
				CLANG_CXX_LANGUAGE_STANDARD = "gnu++14";
				CLANG_CXX_LIBRARY = "libc++";
				CLANG_ENABLE_MODULES = YES;
				CLANG_ENABLE_OBJC_ARC = YES;
				CLANG_ENABLE_OBJC_WEAK = YES;
				CLANG_WARN_BLOCK_CAPTURE_AUTORELEASING = YES;
				CLANG_WARN_BOOL_CONVERSION = YES;
				CLANG_WARN_COMMA = YES;
				CLANG_WARN_CONSTANT_CONVERSION = YES;
				CLANG_WARN_DEPRECATED_OBJC_IMPLEMENTATIONS = YES;
				CLANG_WARN_DIRECT_OBJC_ISA_USAGE = YES_ERROR;
				CLANG_WARN_DOCUMENTATION_COMMENTS = YES;
				CLANG_WARN_EMPTY_BODY = YES;
				CLANG_WARN_ENUM_CONVERSION = YES;
				CLANG_WARN_INFINITE_RECURSION = YES;
				CLANG_WARN_INT_CONVERSION = YES;
				CLANG_WARN_NON_LITERAL_NULL_CONVERSION = YES;
				CLANG_WARN_OBJC_IMPLICIT_RETAIN_SELF = YES;
				CLANG_WARN_OBJC_LITERAL_CONVERSION = YES;
				CLANG_WARN_OBJC_ROOT_CLASS = YES_ERROR;
				CLANG_WARN_RANGE_LOOP_ANALYSIS = YES;
				CLANG_WARN_STRICT_PROTOTYPES = YES;
				CLANG_WARN_SUSPICIOUS_MOVE = YES;
				CLANG_WARN_UNGUARDED_AVAILABILITY = YES_AGGRESSIVE;
				CLANG_WARN_UNREACHABLE_CODE = YES;
				CLANG_WARN__DUPLICATE_METHOD_MATCH = YES;
				COPY_PHASE_STRIP = NO;
				DEBUG_INFORMATION_FORMAT = "dwarf-with-dsym";
				ENABLE_NS_ASSERTIONS = NO;
				ENABLE_STRICT_OBJC_MSGSEND = YES;
				GCC_C_LANGUAGE_STANDARD = gnu11;
				GCC_NO_COMMON_BLOCKS = YES;
				GCC_WARN_64_TO_32_BIT_CONVERSION = YES;
				GCC_WARN_ABOUT_RETURN_TYPE = YES_ERROR;
				GCC_WARN_UNDECLARED_SELECTOR = YES;
				GCC_WARN_UNINITIALIZED_AUTOS = YES_AGGRESSIVE;
				GCC_WARN_UNUSED_FUNCTION = YES;
				GCC_WARN_UNUSED_VARIABLE = YES;
				IPHONEOS_DEPLOYMENT_TARGET = 13.5;
				MTL_ENABLE_DEBUG_INFO = NO;
				MTL_FAST_MATH = YES;
				SDKROOT = iphoneos;
				SWIFT_COMPILATION_MODE = wholemodule;
				SWIFT_OPTIMIZATION_LEVEL = "-O";
				VALIDATE_PRODUCT = YES;
			};
			name = Release;
		};
		8E12BC87249B741A00E968C5 /* Debug */ = {
			isa = XCBuildConfiguration;
			baseConfigurationReference = 2D92EA859C4227F257616E2F /* Pods-SmackChat.debug.xcconfig */;
			buildSettings = {
				ASSETCATALOG_COMPILER_APPICON_NAME = AppIcon;
				CLANG_ENABLE_MODULES = YES;
				CODE_SIGN_STYLE = Automatic;
				DEVELOPMENT_TEAM = 79G38KD48M;
				INFOPLIST_FILE = SmackChat/Info.plist;
				IPHONEOS_DEPLOYMENT_TARGET = 13.5;
				LD_RUNPATH_SEARCH_PATHS = (
					"$(inherited)",
					"@executable_path/Frameworks",
				);
				PRODUCT_BUNDLE_IDENTIFIER = com.mertkoksal.SmackChat;
				PRODUCT_NAME = "$(TARGET_NAME)";
				SWIFT_OBJC_BRIDGING_HEADER = "SmackChat/Supporting Files/SmackChat-Bridging-Header.h";
				SWIFT_OPTIMIZATION_LEVEL = "-Onone";
				SWIFT_VERSION = 5.0;
				TARGETED_DEVICE_FAMILY = "1,2";
			};
			name = Debug;
		};
		8E12BC88249B741A00E968C5 /* Release */ = {
			isa = XCBuildConfiguration;
			baseConfigurationReference = 8820EE9402F83F0ADAFB840A /* Pods-SmackChat.release.xcconfig */;
			buildSettings = {
				ASSETCATALOG_COMPILER_APPICON_NAME = AppIcon;
				CLANG_ENABLE_MODULES = YES;
				CODE_SIGN_STYLE = Automatic;
				DEVELOPMENT_TEAM = 79G38KD48M;
				INFOPLIST_FILE = SmackChat/Info.plist;
				IPHONEOS_DEPLOYMENT_TARGET = 13.5;
				LD_RUNPATH_SEARCH_PATHS = (
					"$(inherited)",
					"@executable_path/Frameworks",
				);
				PRODUCT_BUNDLE_IDENTIFIER = com.mertkoksal.SmackChat;
				PRODUCT_NAME = "$(TARGET_NAME)";
				SWIFT_OBJC_BRIDGING_HEADER = "SmackChat/Supporting Files/SmackChat-Bridging-Header.h";
				SWIFT_VERSION = 5.0;
				TARGETED_DEVICE_FAMILY = "1,2";
			};
			name = Release;
		};
/* End XCBuildConfiguration section */

/* Begin XCConfigurationList section */
		8E12BC6D249B741A00E968C5 /* Build configuration list for PBXProject "SmackChat" */ = {
			isa = XCConfigurationList;
			buildConfigurations = (
				8E12BC84249B741A00E968C5 /* Debug */,
				8E12BC85249B741A00E968C5 /* Release */,
			);
			defaultConfigurationIsVisible = 0;
			defaultConfigurationName = Release;
		};
		8E12BC86249B741A00E968C5 /* Build configuration list for PBXNativeTarget "SmackChat" */ = {
			isa = XCConfigurationList;
			buildConfigurations = (
				8E12BC87249B741A00E968C5 /* Debug */,
				8E12BC88249B741A00E968C5 /* Release */,
			);
			defaultConfigurationIsVisible = 0;
			defaultConfigurationName = Release;
		};
/* End XCConfigurationList section */
	};
	rootObject = 8E12BC6A249B741A00E968C5 /* Project object */;
}
